<?xml version="1.0" encoding="utf-8"?>
<Project ToolsVersion="4.0" xmlns="http://schemas.microsoft.com/developer/msbuild/2003">
  <ItemGroup>
    <Filter Include="Source Files">
      <UniqueIdentifier>{4FC737F1-C7A5-4376-A066-2A32D752A2FF}</UniqueIdentifier>
      <Extensions>cpp;c;cc;cxx;c++;cppm;ixx;def;odl;idl;hpj;bat;asm;asmx</Extensions>
    </Filter>
    <Filter Include="Header Files">
      <UniqueIdentifier>{93995380-89BD-4b04-88EB-625FBE52EBFB}</UniqueIdentifier>
      <Extensions>h;hh;hpp;hxx;h++;hm;inl;inc;ipp;xsd</Extensions>
    </Filter>
    <Filter Include="Resource Files">
      <UniqueIdentifier>{67DA6AB6-F800-4c08-8B7A-83BB121AAD01}</UniqueIdentifier>
      <Extensions>rc;ico;cur;bmp;dlg;rc2;rct;bin;rgs;gif;jpg;jpeg;jpe;resx;tiff;tif;png;wav;mfcribbon-ms</Extensions>
    </Filter>
    <Filter Include="Header Files\Macros">
      <UniqueIdentifier>{3c5bf4f8-2de1-4760-b3fb-83ce787e58ef}</UniqueIdentifier>
    </Filter>
    <Filter Include="Header Files\Bindable">
      <UniqueIdentifier>{f7cbb982-e5a8-477f-9f96-bc45f44b1fbc}</UniqueIdentifier>
    </Filter>
    <Filter Include="Header Files\Drawable">
      <UniqueIdentifier>{2c1c86e9-078a-4bb4-86ae-22cc057b6c70}</UniqueIdentifier>
    </Filter>
    <Filter Include="Source Files\Bindable">
      <UniqueIdentifier>{46faf892-31d6-4171-ad1e-c652604bc7ed}</UniqueIdentifier>
    </Filter>
    <Filter Include="Source Files\Drawable">
      <UniqueIdentifier>{51177490-2b98-4192-a0b6-3844903f8cd7}</UniqueIdentifier>
    </Filter>
    <Filter Include="Header Files\Geometry">
      <UniqueIdentifier>{07b9a125-d0e1-4929-9183-39d9e7144795}</UniqueIdentifier>
    </Filter>
    <Filter Include="Imgui">
      <UniqueIdentifier>{104e2488-b3b8-419d-b079-819e5ad7a9b2}</UniqueIdentifier>
    </Filter>
  </ItemGroup>
  <ItemGroup>
    <ClCompile Include="wWinMain.cpp">
      <Filter>Source Files</Filter>
    </ClCompile>
    <ClCompile Include="App.cpp">
      <Filter>Source Files</Filter>
    </ClCompile>
    <ClCompile Include="Object\Box.cpp">
      <Filter>Source Files\Drawable</Filter>
    </ClCompile>
    <ClCompile Include="Object\Melon.cpp">
      <Filter>Source Files</Filter>
    </ClCompile>
    <ClCompile Include="Object\Pyramid.cpp">
      <Filter>Source Files</Filter>
    </ClCompile>
    <ClCompile Include="ImguiManager.cpp">
      <Filter>Source Files</Filter>
    </ClCompile>
    <ClCompile Include="View\Camera.cpp">
      <Filter>Source Files</Filter>
    </ClCompile>
  </ItemGroup>
  <ItemGroup>
    <ClInclude Include="App.hpp">
      <Filter>Header Files</Filter>
    </ClInclude>
    <ClInclude Include="Object\Melon.hpp">
      <Filter>Header Files</Filter>
    </ClInclude>
    <ClInclude Include="Object\Pyramid.hpp">
      <Filter>Header Files</Filter>
    </ClInclude>
    <ClInclude Include="Object\Base\Cone.hpp">
      <Filter>Header Files\Geometry</Filter>
    </ClInclude>
    <ClInclude Include="Object\Base\Cube.hpp">
      <Filter>Header Files\Geometry</Filter>
    </ClInclude>
    <ClInclude Include="IndexedTriangleList.hpp">
      <Filter>Header Files\Geometry</Filter>
    </ClInclude>
    <ClInclude Include="Object\Base\Plane.hpp">
      <Filter>Header Files\Geometry</Filter>
    </ClInclude>
    <ClInclude Include="Object\Base\Prism.hpp">
      <Filter>Header Files\Geometry</Filter>
    </ClInclude>
    <ClInclude Include="Object\Base\Sphere.hpp">
      <Filter>Header Files\Geometry</Filter>
    </ClInclude>
    <ClInclude Include="Object\Box.hpp">
      <Filter>Header Files\Drawable</Filter>
    </ClInclude>
    <ClInclude Include="ImguiManager.hpp">
      <Filter>Header Files</Filter>
    </ClInclude>
    <ClInclude Include="View\Camera.hpp">
      <Filter>Header Files</Filter>
    </ClInclude>
    <ClInclude Include="View\View.hpp">
      <Filter>Header Files</Filter>
    </ClInclude>
    <ClInclude Include="Object\Object.hpp">
      <Filter>Header Files</Filter>
    </ClInclude>
  </ItemGroup>
  <ItemGroup>
    <ResourceCompile Include="Resource\hw3d.rc">
      <Filter>Resource Files</Filter>
    </ResourceCompile>
  </ItemGroup>
  <ItemGroup>
    <Image Include="Resource\fat.ico">
      <Filter>Resource Files</Filter>
    </Image>
  </ItemGroup>
  <ItemGroup>
    <None Include="hw3d.cd" />
  </ItemGroup>
  <ItemGroup>
    <FxCompile Include="Shader\VSColorBlend.hlsl" />
    <FxCompile Include="Shader\PSColorBlend.hlsl" />
    <FxCompile Include="Shader\PSColorIndex.hlsl" />
    <FxCompile Include="Shader\VSColorIndex.hlsl" />
  </ItemGroup>
</Project>