<?xml version="1.0" encoding="utf-8"?>
<Project ToolsVersion="4.0" xmlns="http://schemas.microsoft.com/developer/msbuild/2003">
  <ItemGroup>
    <Filter Include="Source Files">
      <UniqueIdentifier>{4FC737F1-C7A5-4376-A066-2A32D752A2FF}</UniqueIdentifier>
      <Extensions>cpp;c;cc;cxx;c++;cppm;ixx;def;odl;idl;hpj;bat;asm;asmx</Extensions>
    </Filter>
    <Filter Include="Header Files">
      <UniqueIdentifier>{93995380-89BD-4b04-88EB-625FBE52EBFB}</UniqueIdentifier>
      <Extensions>h;hh;hpp;hxx;h++;hm;inl;inc;ipp;xsd</Extensions>
    </Filter>
    <Filter Include="Resource Files">
      <UniqueIdentifier>{67DA6AB6-F800-4c08-8B7A-83BB121AAD01}</UniqueIdentifier>
      <Extensions>rc;ico;cur;bmp;dlg;rc2;rct;bin;rgs;gif;jpg;jpeg;jpe;resx;tiff;tif;png;wav;mfcribbon-ms</Extensions>
    </Filter>
    <Filter Include="Dxerr">
      <UniqueIdentifier>{6940395b-a299-4bef-84e0-b39dcd8ef483}</UniqueIdentifier>
    </Filter>
    <Filter Include="Shader">
      <UniqueIdentifier>{7cbaf958-3ae7-4523-a33c-3f8af3c2f5cf}</UniqueIdentifier>
    </Filter>
    <Filter Include="Header Files\Macros">
      <UniqueIdentifier>{3c5bf4f8-2de1-4760-b3fb-83ce787e58ef}</UniqueIdentifier>
    </Filter>
    <Filter Include="Header Files\Bindable">
      <UniqueIdentifier>{f7cbb982-e5a8-477f-9f96-bc45f44b1fbc}</UniqueIdentifier>
    </Filter>
    <Filter Include="Header Files\Drawable">
      <UniqueIdentifier>{2c1c86e9-078a-4bb4-86ae-22cc057b6c70}</UniqueIdentifier>
    </Filter>
    <Filter Include="Source Files\Bindable">
      <UniqueIdentifier>{46faf892-31d6-4171-ad1e-c652604bc7ed}</UniqueIdentifier>
    </Filter>
    <Filter Include="Source Files\Drawable">
      <UniqueIdentifier>{51177490-2b98-4192-a0b6-3844903f8cd7}</UniqueIdentifier>
    </Filter>
    <Filter Include="Header Files\Geometry">
      <UniqueIdentifier>{07b9a125-d0e1-4929-9183-39d9e7144795}</UniqueIdentifier>
    </Filter>
    <Filter Include="Imgui">
      <UniqueIdentifier>{104e2488-b3b8-419d-b079-819e5ad7a9b2}</UniqueIdentifier>
    </Filter>
  </ItemGroup>
  <ItemGroup>
    <ClCompile Include="WinMain.cpp">
      <Filter>Source Files</Filter>
    </ClCompile>
    <ClCompile Include="Win32_\MessageMap.cpp">
      <Filter>Source Files</Filter>
    </ClCompile>
    <ClCompile Include="Win32_\Window.cpp">
      <Filter>Source Files</Filter>
    </ClCompile>
    <ClCompile Include="Util\FatException.cpp">
      <Filter>Source Files</Filter>
    </ClCompile>
    <ClCompile Include="Win32_\IO\Keyboard.cpp">
      <Filter>Source Files</Filter>
    </ClCompile>
    <ClCompile Include="Win32_\IO\Mouse.cpp">
      <Filter>Source Files</Filter>
    </ClCompile>
    <ClCompile Include="Game\App.cpp">
      <Filter>Source Files</Filter>
    </ClCompile>
    <ClCompile Include="Util\AutoTimer.cpp">
      <Filter>Source Files</Filter>
    </ClCompile>
    <ClCompile Include="Win32_\DirectX\DXGI\InfoManager.cpp">
      <Filter>Source Files</Filter>
    </ClCompile>
    <ClCompile Include="Win32_\DirectX\DXErr\dxerr.cpp">
      <Filter>Dxerr</Filter>
    </ClCompile>
    <ClCompile Include="Game\Object\Box.cpp">
      <Filter>Source Files\Drawable</Filter>
    </ClCompile>
    <ClCompile Include="Game\Object\Melon.cpp">
      <Filter>Source Files</Filter>
    </ClCompile>
    <ClCompile Include="Game\Object\Pyramid.cpp">
      <Filter>Source Files</Filter>
    </ClCompile>
    <ClCompile Include="Win32_\GDI_Plus\Manager.cpp">
      <Filter>Source Files</Filter>
    </ClCompile>
    <ClCompile Include="Win32_\GDI_Plus\Surface.cpp">
      <Filter>Source Files</Filter>
    </ClCompile>
    <ClCompile Include="Game\Object\Sheet.cpp">
      <Filter>Source Files</Filter>
    </ClCompile>
    <ClCompile Include="Game\Object\SkinnedBox.cpp">
      <Filter>Source Files</Filter>
    </ClCompile>
    <ClCompile Include="imgui\imgui.cpp">
      <Filter>Imgui</Filter>
    </ClCompile>
    <ClCompile Include="imgui\imgui_demo.cpp">
      <Filter>Imgui</Filter>
    </ClCompile>
    <ClCompile Include="imgui\imgui_draw.cpp">
      <Filter>Imgui</Filter>
    </ClCompile>
    <ClCompile Include="imgui\imgui_impl_dx11.cpp">
      <Filter>Imgui</Filter>
    </ClCompile>
    <ClCompile Include="imgui\imgui_impl_win32.cpp">
      <Filter>Imgui</Filter>
    </ClCompile>
    <ClCompile Include="imgui\imgui_widgets.cpp">
      <Filter>Imgui</Filter>
    </ClCompile>
    <ClCompile Include="Util\ImguiManager.cpp">
      <Filter>Source Files</Filter>
    </ClCompile>
    <ClCompile Include="Util\Camera\Camera.cpp">
      <Filter>Source Files</Filter>
    </ClCompile>
    <ClCompile Include="Win32_\DirectX\D3D11\Pipeline\Bindable.cpp">
      <Filter>Source Files</Filter>
    </ClCompile>
    <ClCompile Include="Win32_\DirectX\D3D11\Visual\Drawable.cpp">
      <Filter>Source Files</Filter>
    </ClCompile>
    <ClCompile Include="Win32_\DirectX\D3D11\Graphics.cpp">
      <Filter>Source Files</Filter>
    </ClCompile>
    <ClCompile Include="Win32_\DirectX\D3D11\Pipeline\Element\IndexBuffer.cpp">
      <Filter>Source Files</Filter>
    </ClCompile>
    <ClCompile Include="Win32_\DirectX\D3D11\Pipeline\Element\InputLayout.cpp">
      <Filter>Source Files</Filter>
    </ClCompile>
    <ClCompile Include="Win32_\DirectX\D3D11\Pipeline\Element\PixelShader.cpp">
      <Filter>Source Files</Filter>
    </ClCompile>
    <ClCompile Include="Win32_\DirectX\D3D11\Pipeline\Element\Sampler.cpp">
      <Filter>Source Files</Filter>
    </ClCompile>
    <ClCompile Include="Win32_\DirectX\D3D11\Pipeline\Element\Texture.cpp">
      <Filter>Source Files</Filter>
    </ClCompile>
    <ClCompile Include="Win32_\DirectX\D3D11\Pipeline\Element\Topology.cpp">
      <Filter>Source Files</Filter>
    </ClCompile>
    <ClCompile Include="Win32_\DirectX\D3D11\Pipeline\Resource\TransformCBuf.cpp">
      <Filter>Source Files</Filter>
    </ClCompile>
    <ClCompile Include="Win32_\DirectX\D3D11\Pipeline\Element\VertexBuffer.cpp">
      <Filter>Source Files</Filter>
    </ClCompile>
    <ClCompile Include="Win32_\DirectX\D3D11\Pipeline\Element\VertexShader.cpp">
      <Filter>Source Files</Filter>
    </ClCompile>
    <ClCompile Include="imgui\imgui_tables.cpp">
      <Filter>Source Files</Filter>
    </ClCompile>
  </ItemGroup>
  <ItemGroup>
    <ClInclude Include="Win32_\MessageMap.hpp">
      <Filter>Header Files</Filter>
    </ClInclude>
    <ClInclude Include="Win32_\FatWin32_.hpp">
      <Filter>Header Files</Filter>
    </ClInclude>
    <ClInclude Include="Win32_\Window.hpp">
      <Filter>Header Files</Filter>
    </ClInclude>
    <ClInclude Include="Util\FatException.hpp">
      <Filter>Header Files</Filter>
    </ClInclude>
    <ClInclude Include="Win32_\IO\Keyboard.hpp">
      <Filter>Header Files</Filter>
    </ClInclude>
    <ClInclude Include="Win32_\IO\Mouse.hpp">
      <Filter>Header Files</Filter>
    </ClInclude>
    <ClInclude Include="Game\App.hpp">
      <Filter>Header Files</Filter>
    </ClInclude>
    <ClInclude Include="Util\AutoTimer.hpp">
      <Filter>Header Files</Filter>
    </ClInclude>
    <ClInclude Include="Win32_\DirectX\DXGI\InfoManager.hpp">
      <Filter>Header Files</Filter>
    </ClInclude>
    <ClInclude Include="Win32_\DirectX\DXErr\dxerr.h">
      <Filter>Dxerr</Filter>
    </ClInclude>
    <ClInclude Include="Game\Object\Melon.hpp">
      <Filter>Header Files</Filter>
    </ClInclude>
    <ClInclude Include="Game\Object\Pyramid.hpp">
      <Filter>Header Files</Filter>
    </ClInclude>
    <ClInclude Include="Win32_\WindowThrowMacros.hpp">
      <Filter>Header Files\Macros</Filter>
    </ClInclude>
    <ClInclude Include="Game\Object\Base\Cone.hpp">
      <Filter>Header Files\Geometry</Filter>
    </ClInclude>
    <ClInclude Include="Game\Object\Base\Cube.hpp">
      <Filter>Header Files\Geometry</Filter>
    </ClInclude>
    <ClInclude Include="Math\IndexedTriangleList.hpp">
      <Filter>Header Files\Geometry</Filter>
    </ClInclude>
    <ClInclude Include="Game\Object\Base\Plane.hpp">
      <Filter>Header Files\Geometry</Filter>
    </ClInclude>
    <ClInclude Include="Game\Object\Base\Prism.hpp">
      <Filter>Header Files\Geometry</Filter>
    </ClInclude>
    <ClInclude Include="Game\Object\Base\Sphere.hpp">
      <Filter>Header Files\Geometry</Filter>
    </ClInclude>
    <ClInclude Include="Game\Object\Box.hpp">
      <Filter>Header Files\Drawable</Filter>
    </ClInclude>
    <ClInclude Include="Win32_\GDI_Plus\Manager.hpp">
      <Filter>Header Files</Filter>
    </ClInclude>
    <ClInclude Include="Win32_\GDI_Plus\Surface.hpp">
      <Filter>Header Files</Filter>
    </ClInclude>
    <ClInclude Include="Game\Object\Sheet.hpp">
      <Filter>Header Files</Filter>
    </ClInclude>
    <ClInclude Include="Game\Object\SkinnedBox.hpp">
      <Filter>Header Files</Filter>
    </ClInclude>
    <ClInclude Include="imgui\imconfig.h">
      <Filter>Imgui</Filter>
    </ClInclude>
    <ClInclude Include="imgui\imgui.h">
      <Filter>Imgui</Filter>
    </ClInclude>
    <ClInclude Include="imgui\imgui_impl_dx11.h">
      <Filter>Imgui</Filter>
    </ClInclude>
    <ClInclude Include="imgui\imgui_impl_win32.h">
      <Filter>Imgui</Filter>
    </ClInclude>
    <ClInclude Include="imgui\imgui_internal.h">
      <Filter>Imgui</Filter>
    </ClInclude>
    <ClInclude Include="imgui\imstb_rectpack.h">
      <Filter>Imgui</Filter>
    </ClInclude>
    <ClInclude Include="imgui\imstb_textedit.h">
      <Filter>Imgui</Filter>
    </ClInclude>
    <ClInclude Include="imgui\imstb_truetype.h">
      <Filter>Imgui</Filter>
    </ClInclude>
    <ClInclude Include="Util\ImguiManager.hpp">
      <Filter>Header Files</Filter>
    </ClInclude>
    <ClInclude Include="Util\Camera\Camera.hpp">
      <Filter>Header Files</Filter>
    </ClInclude>
    <ClInclude Include="Win32_\FatWin32_Namespaces.hpp">
      <Filter>Header Files</Filter>
    </ClInclude>
    <ClInclude Include="Win32_\DirectX\D3D11\Pipeline\Bindable.hpp">
      <Filter>Header Files</Filter>
    </ClInclude>
    <ClInclude Include="Win32_\DirectX\D3D11\Pipeline\BindableBase.hpp">
      <Filter>Header Files</Filter>
    </ClInclude>
    <ClInclude Include="Win32_\DirectX\D3D11\Pipeline\Resource\PixelCBuf.hpp">
      <Filter>Header Files</Filter>
    </ClInclude>
    <ClInclude Include="Win32_\DirectX\D3D11\Pipeline\Resource\VertexCBuf.hpp">
      <Filter>Header Files</Filter>
    </ClInclude>
    <ClInclude Include="Win32_\DirectX\D3D11\Pipeline\Resource\ConstantBuffer.hpp">
      <Filter>Header Files</Filter>
    </ClInclude>
    <ClInclude Include="Win32_\DirectX\D3D11\Visual\Drawable.hpp">
      <Filter>Header Files</Filter>
    </ClInclude>
    <ClInclude Include="Win32_\DirectX\D3D11\Visual\DrawableBase.hpp">
      <Filter>Header Files</Filter>
    </ClInclude>
    <ClInclude Include="Math\Math.hpp">
      <Filter>Header Files</Filter>
    </ClInclude>
    <ClInclude Include="Win32_\FatWin32_Settings.hpp">
      <Filter>Header Files</Filter>
    </ClInclude>
    <ClInclude Include="Win32_\DirectX\D3D11\Graphics.hpp">
      <Filter>Header Files</Filter>
    </ClInclude>
    <ClInclude Include="Win32_\DirectX\D3D11\GraphicsThrowMacros.hpp">
      <Filter>Header Files</Filter>
    </ClInclude>
    <ClInclude Include="Win32_\DirectX\D3D11\Pipeline\Element\IndexBuffer.hpp">
      <Filter>Header Files</Filter>
    </ClInclude>
    <ClInclude Include="Win32_\DirectX\D3D11\Pipeline\Element\InputLayout.hpp">
      <Filter>Header Files</Filter>
    </ClInclude>
    <ClInclude Include="Win32_\DirectX\D3D11\Pipeline\Element\PixelShader.hpp">
      <Filter>Header Files</Filter>
    </ClInclude>
    <ClInclude Include="Win32_\DirectX\D3D11\Pipeline\Element\Sampler.hpp">
      <Filter>Header Files</Filter>
    </ClInclude>
    <ClInclude Include="Win32_\DirectX\D3D11\Pipeline\Element\Texture.hpp">
      <Filter>Header Files</Filter>
    </ClInclude>
    <ClInclude Include="Win32_\DirectX\D3D11\Pipeline\Element\Topology.hpp">
      <Filter>Header Files</Filter>
    </ClInclude>
    <ClInclude Include="Win32_\DirectX\D3D11\Pipeline\Resource\TransformCBuf.hpp">
      <Filter>Header Files</Filter>
    </ClInclude>
    <ClInclude Include="Win32_\DirectX\D3D11\Pipeline\Element\VertexBuffer.hpp">
      <Filter>Header Files</Filter>
    </ClInclude>
    <ClInclude Include="Win32_\DirectX\D3D11\Pipeline\Element\VertexShader.hpp">
      <Filter>Header Files</Filter>
    </ClInclude>
  </ItemGroup>
  <ItemGroup>
    <ResourceCompile Include="Resource\hw3d.rc">
      <Filter>Resource Files</Filter>
    </ResourceCompile>
  </ItemGroup>
  <ItemGroup>
    <Image Include="Resource\fat.ico">
      <Filter>Resource Files</Filter>
    </Image>
  </ItemGroup>
  <ItemGroup>
    <None Include="Win32_\DirectX\DXErr\DXTrace.inl">
      <Filter>Dxerr</Filter>
    </None>
    <None Include="Win32_\DirectX\DXErr\DXGetErrorString.inl">
      <Filter>Dxerr</Filter>
    </None>
    <None Include="Win32_\DirectX\DXErr\DXGetErrorDescription.inl">
      <Filter>Dxerr</Filter>
    </None>
    <None Include="FatRules.ruleset" />
    <None Include="hw3d.cd" />
  </ItemGroup>
  <ItemGroup>
    <FxCompile Include="Win32_\DirectX\D3D11\Shader\PSColorBlend.hlsl" />
    <FxCompile Include="Win32_\DirectX\D3D11\Shader\PSColorIndex.hlsl" />
    <FxCompile Include="Win32_\DirectX\D3D11\Shader\PSTexture.hlsl" />
    <FxCompile Include="Win32_\DirectX\D3D11\Shader\VSColorBlend.hlsl" />
    <FxCompile Include="Win32_\DirectX\D3D11\Shader\VSColorIndex.hlsl" />
    <FxCompile Include="Win32_\DirectX\D3D11\Shader\VSTexture.hlsl" />
  </ItemGroup>
</Project>